
Microsoft Visual Studio Solution File, Format Version 12.00
# Visual Studio Version 17
VisualStudioVersion = 17.11.35312.102
MinimumVisualStudioVersion = 10.0.40219.1
Project("{FAE04EC0-301F-11D3-BF4B-00C04F79EFBC}") = "animals-api", "animals-api\animals-api.csproj", "{45BC15D7-151A-4294-B77E-5C3565CE2F3A}"
EndProject
Global
	GlobalSection(SolutionConfigurationPlatforms) = preSolution
		Debug|Any CPU = Debug|Any CPU
		Release|Any CPU = Release|Any CPU
	EndGlobalSection
	GlobalSection(ProjectConfigurationPlatforms) = postSolution
		{45BC15D7-151A-4294-B77E-5C3565CE2F3A}.Debug|Any CPU.ActiveCfg = Debug|Any CPU
		{45BC15D7-151A-4294-B77E-5C3565CE2F3A}.Debug|Any CPU.Build.0 = Debug|Any CPU
		{45BC15D7-151A-4294-B77E-5C3565CE2F3A}.Release|Any CPU.ActiveCfg = Release|Any CPU
		{45BC15D7-151A-4294-B77E-5C3565CE2F3A}.Release|Any CPU.Build.0 = Release|Any CPU
	EndGlobalSection
	GlobalSection(SolutionProperties) = preSolution
		HideSolutionNode = FALSE
	EndGlobalSection
	GlobalSection(ExtensibilityGlobals) = postSolution
		SolutionGuid = {4BCAEEED-5F3D-4335-9125-ADF119829D17}
	EndGlobalSection
EndGlobal
